
Microsoft Visual Studio Solution File, Format Version 12.00
# Visual Studio Version 16
VisualStudioVersion = 16.0.31105.61
MinimumVisualStudioVersion = 10.0.40219.1
Project("{FAE04EC0-301F-11D3-BF4B-00C04F79EFBC}") = "RolexStore", "RolexStore\RolexStore.csproj", "{331B694C-06AE-46E4-90F4-C42197A3B354}"
EndProject
Global
	GlobalSection(SolutionConfigurationPlatforms) = preSolution
		Debug|Any CPU = Debug|Any CPU
		Release|Any CPU = Release|Any CPU
	EndGlobalSection
	GlobalSection(ProjectConfigurationPlatforms) = postSolution
		{331B694C-06AE-46E4-90F4-C42197A3B354}.Debug|Any CPU.ActiveCfg = Debug|Any CPU
		{331B694C-06AE-46E4-90F4-C42197A3B354}.Debug|Any CPU.Build.0 = Debug|Any CPU
		{331B694C-06AE-46E4-90F4-C42197A3B354}.Release|Any CPU.ActiveCfg = Release|Any CPU
		{331B694C-06AE-46E4-90F4-C42197A3B354}.Release|Any CPU.Build.0 = Release|Any CPU
	EndGlobalSection
	GlobalSection(SolutionProperties) = preSolution
		HideSolutionNode = FALSE
	EndGlobalSection
	GlobalSection(ExtensibilityGlobals) = postSolution
		SolutionGuid = {4A41F41A-49CA-4969-963F-190395999331}
	EndGlobalSection
EndGlobal
